
Microsoft Visual Studio Solution File, Format Version 12.00
# Visual Studio Version 17
VisualStudioVersion = 17.13.35913.81 d17.13
MinimumVisualStudioVersion = 10.0.40219.1
Project("{FAE04EC0-301F-11D3-BF4B-00C04F79EFBC}") = "DatabaseProject", "DatabaseProject\DatabaseProject.csproj", "{BB586543-B2EF-4B3D-8A60-D4ED81253EE3}"
EndProject
Global
	GlobalSection(SolutionConfigurationPlatforms) = preSolution
		Debug|Any CPU = Debug|Any CPU
		Release|Any CPU = Release|Any CPU
	EndGlobalSection
	GlobalSection(ProjectConfigurationPlatforms) = postSolution
		{BB586543-B2EF-4B3D-8A60-D4ED81253EE3}.Debug|Any CPU.ActiveCfg = Debug|Any CPU
		{BB586543-B2EF-4B3D-8A60-D4ED81253EE3}.Debug|Any CPU.Build.0 = Debug|Any CPU
		{BB586543-B2EF-4B3D-8A60-D4ED81253EE3}.Release|Any CPU.ActiveCfg = Release|Any CPU
		{BB586543-B2EF-4B3D-8A60-D4ED81253EE3}.Release|Any CPU.Build.0 = Release|Any CPU
	EndGlobalSection
	GlobalSection(SolutionProperties) = preSolution
		HideSolutionNode = FALSE
	EndGlobalSection
	GlobalSection(ExtensibilityGlobals) = postSolution
		SolutionGuid = {0EB7905C-BE0D-4F65-8FE5-C76FED1852B9}
	EndGlobalSection
EndGlobal
